Microsoft Visual Studio Solution File, Format Version 11.00
# Visual Studio 2010
Project("{8BC9CEB8-8B4A-11D0-8D11-00A0C91BC942}") = "tinyxml", "tinyxml_lib.vcxproj", "{57FEC541-722C-49D2-B59B-012260568CD9}"
EndProject
Project("{8BC9CEB8-8B4A-11D0-8D11-00A0C91BC942}") = "tinyxmlSTL", "tinyxmlSTL.vcxproj", "{B6CFB62B-8F92-4C3F-B488-EBFA215C8B5E}"
EndProject
Global
	GlobalSection(SolutionConfigurationPlatforms) = preSolution
		Debug|Win32 = Debug|Win32
		Release|Win32 = Release|Win32
	EndGlobalSection
	GlobalSection(ProjectConfigurationPlatforms) = postSolution
		{57FEC541-722C-49D2-B59B-012260568CD9}.Debug|Win32.ActiveCfg = Debug|Win32
		{57FEC541-722C-49D2-B59B-012260568CD9}.Debug|Win32.Build.0 = Debug|Win32
		{57FEC541-722C-49D2-B59B-012260568CD9}.Release|Win32.ActiveCfg = Release|Win32
		{57FEC541-722C-49D2-B59B-012260568CD9}.Release|Win32.Build.0 = Release|Win32
		{B6CFB62B-8F92-4C3F-B488-EBFA215C8B5E}.Debug|Win32.ActiveCfg = Debug|Win32
		{B6CFB62B-8F92-4C3F-B488-EBFA215C8B5E}.Debug|Win32.Build.0 = Debug|Win32
		{B6CFB62B-8F92-4C3F-B488-EBFA215C8B5E}.Release|Win32.ActiveCfg = Release|Win32
		{B6CFB62B-8F92-4C3F-B488-EBFA215C8B5E}.Release|Win32.Build.0 = Release|Win32
	EndGlobalSection
	GlobalSection(SolutionProperties) = preSolution
		HideSolutionNode = FALSE
	EndGlobalSection
EndGlobal
